
Microsoft Visual Studio Solution File, Format Version 12.00
# Visual Studio 15
VisualStudioVersion = 15.0.28307.329
MinimumVisualStudioVersion = 10.0.40219.1
Project("{FAE04EC0-301F-11D3-BF4B-00C04F79EFBC}") = "Lesson 30", "Lesson 30\Lesson 30.csproj", "{D6639626-7BF2-4B0B-9083-335B926D8DE5}"
EndProject
Global
	GlobalSection(SolutionConfigurationPlatforms) = preSolution
		Debug|Any CPU = Debug|Any CPU
		Release|Any CPU = Release|Any CPU
	EndGlobalSection
	GlobalSection(ProjectConfigurationPlatforms) = postSolution
		{D6639626-7BF2-4B0B-9083-335B926D8DE5}.Debug|Any CPU.ActiveCfg = Debug|Any CPU
		{D6639626-7BF2-4B0B-9083-335B926D8DE5}.Debug|Any CPU.Build.0 = Debug|Any CPU
		{D6639626-7BF2-4B0B-9083-335B926D8DE5}.Release|Any CPU.ActiveCfg = Release|Any CPU
		{D6639626-7BF2-4B0B-9083-335B926D8DE5}.Release|Any CPU.Build.0 = Release|Any CPU
	EndGlobalSection
	GlobalSection(SolutionProperties) = preSolution
		HideSolutionNode = FALSE
	EndGlobalSection
	GlobalSection(ExtensibilityGlobals) = postSolution
		SolutionGuid = {F7F3850A-05E1-495F-9875-6CB17C1A049D}
	EndGlobalSection
EndGlobal
